{
  "name": "uuid-example-dual-package-hazard",
  "version": "0.0.0",
  "lockfileVersion": 1,
  "requires": true,
  "dependencies": {
    "uuid": {
      "version": "github:uuidjs/uuid#0b6372124c81729a051a786b3760e1de9012c659",
      "from": "github:uuidjs/uuid#node-esm-with-hazard-built"
    },
    "uuid-dual-package-hazard": {
      "version": "github:ctavan/uuid-dual-package-hazard#1b5c3f233858451b2f8eab43fa3a9f9e5cac344b",
      "from": "github:ctavan/uuid-dual-package-hazard#with-hazard-dependency",
      "requires": {
        "uuid": "github:uuidjs/uuid#node-esm-with-hazard-built"
      }
    }
  }
}
