{
  "name": "uuid-example-dual-package-hazard",
  "version": "0.0.0",
  "lockfileVersion": 1,
  "requires": true,
  "dependencies": {
    "uuid": {
      "version": "github:uuidjs/uuid#cffbd5af5c48c66ab32f616d0820c11bc1f92f4d",
      "from": "github:uuidjs/uuid#node-esm-wrapper-built"
    },
    "uuid-dual-package-hazard": {
      "version": "github:ctavan/uuid-dual-package-hazard#ae17e07777fe68e157dced3918d6ae17a84fb809",
      "from": "github:ctavan/uuid-dual-package-hazard#wrapper-dependency",
      "requires": {
        "uuid": "github:uuidjs/uuid#node-esm-wrapper-built"
      }
    }
  }
}
