{
  "name": "uuid-example-dual-package-hazard",
  "version": "0.0.0",
  "lockfileVersion": 1,
  "requires": true,
  "dependencies": {
    "uuid": {
      "version": "github:uuidjs/uuid#effacf7d91a1f14928cddc47da7e1ee1ff9e730d",
      "from": "github:uuidjs/uuid#node-esm-isolated-state-built"
    },
    "uuid-dual-package-hazard": {
      "version": "github:ctavan/uuid-dual-package-hazard#88476840d24587ad662eccc62a89fe6477cad3b4",
      "from": "github:ctavan/uuid-dual-package-hazard#isolated-state-dependency",
      "requires": {
        "uuid": "github:uuidjs/uuid#node-esm-isolated-state-built"
      }
    }
  }
}
